
Microsoft Visual Studio Solution File, Format Version 12.00
# Visual Studio 15
VisualStudioVersion = 15.0.28307.329
MinimumVisualStudioVersion = 10.0.40219.1
Project("{FAE04EC0-301F-11D3-BF4B-00C04F79EFBC}") = "davidedolce.com", "davidedolce.com\davidedolce.com.csproj", "{1FE3A388-7FE7-42C8-A6F9-64793CCE71DC}"
EndProject
Global
	GlobalSection(SolutionConfigurationPlatforms) = preSolution
		Debug|Any CPU = Debug|Any CPU
		Release|Any CPU = Release|Any CPU
	EndGlobalSection
	GlobalSection(ProjectConfigurationPlatforms) = postSolution
		{1FE3A388-7FE7-42C8-A6F9-64793CCE71DC}.Debug|Any CPU.ActiveCfg = Debug|Any CPU
		{1FE3A388-7FE7-42C8-A6F9-64793CCE71DC}.Debug|Any CPU.Build.0 = Debug|Any CPU
		{1FE3A388-7FE7-42C8-A6F9-64793CCE71DC}.Release|Any CPU.ActiveCfg = Release|Any CPU
		{1FE3A388-7FE7-42C8-A6F9-64793CCE71DC}.Release|Any CPU.Build.0 = Release|Any CPU
	EndGlobalSection
	GlobalSection(SolutionProperties) = preSolution
		HideSolutionNode = FALSE
	EndGlobalSection
	GlobalSection(ExtensibilityGlobals) = postSolution
		SolutionGuid = {F0BA9E5C-7C57-445B-81A1-BFA3B0B1856F}
	EndGlobalSection
EndGlobal
